
Microsoft Visual Studio Solution File, Format Version 12.00
Project("{FAE04EC0-301F-11D3-BF4B-00C04F79EFBC}") = "Arch.System.SourceGenerator", "Arch.System.SourceGenerator\Arch.System.SourceGenerator.csproj", "{CBF9A4D4-5E31-4457-8F7B-EBC01EB86AF2}"
EndProject
Project("{FAE04EC0-301F-11D3-BF4B-00C04F79EFBC}") = "Arch.Extended.Sample", "Arch.Extended.Sample\Arch.Extended.Sample.csproj", "{ED61027D-1586-4349-A6F8-17665C786678}"
EndProject
Project("{FAE04EC0-301F-11D3-BF4B-00C04F79EFBC}") = "Arch.System", "Arch.System\Arch.System.csproj", "{39363918-BFC7-43BF-8307-F5581225FB41}"
EndProject
Project("{FAE04EC0-301F-11D3-BF4B-00C04F79EFBC}") = "Arch.System.SourceGenerator.Tests", "Arch.System.SourceGenerator.Tests\Arch.System.SourceGenerator.Tests.csproj", "{DA87653A-AA46-4E31-AE34-4DD28E228511}"
EndProject
Project("{FAE04EC0-301F-11D3-BF4B-00C04F79EFBC}") = "Arch.EventBus", "Arch.EventBus\Arch.EventBus.csproj", "{8BBA34D1-7DAB-4410-8762-09F7CC543D1E}"
EndProject
Project("{FAE04EC0-301F-11D3-BF4B-00C04F79EFBC}") = "Arch.LowLevel", "Arch.LowLevel\Arch.LowLevel.csproj", "{00B44305-AB3D-438B-9EB9-8EF1ED2E8394}"
EndProject
Project("{FAE04EC0-301F-11D3-BF4B-00C04F79EFBC}") = "Arch.LowLevel.Tests", "Arch.LowLevel.Tests\Arch.LowLevel.Tests.csproj", "{9E2F4FCC-1875-49A6-98F1-1D2DA8460984}"
EndProject
Project("{FAE04EC0-301F-11D3-BF4B-00C04F79EFBC}") = "Arch.Persistence", "Arch.Persistence\Arch.Persistence.csproj", "{4E946A7C-5AB3-4AD6-8B80-D27563CF1D6A}"
EndProject
Project("{FAE04EC0-301F-11D3-BF4B-00C04F79EFBC}") = "Arch.Relationships", "Arch.Relationships\Arch.Relationships.csproj", "{533453B9-957E-401E-B639-DC81DD0265EC}"
EndProject
Project("{FAE04EC0-301F-11D3-BF4B-00C04F79EFBC}") = "Arch.Relationships.Tests", "Arch.Relationships.Tests\Arch.Relationships.Tests.csproj", "{EDAFD1B8-5FC3-4002-B2AD-5B976B809D1C}"
EndProject
Project("{FAE04EC0-301F-11D3-BF4B-00C04F79EFBC}") = "Arch.AOT.SourceGenerator", "Arch.AOT.SourceGenerator\Arch.AOT.SourceGenerator.csproj", "{0A00966E-A0B2-4BBA-B0B4-3F24D196C7A3}"
EndProject
Global
	GlobalSection(SolutionConfigurationPlatforms) = preSolution
		Debug|Any CPU = Debug|Any CPU
		Release|Any CPU = Release|Any CPU
	EndGlobalSection
	GlobalSection(ProjectConfigurationPlatforms) = postSolution
		{CBF9A4D4-5E31-4457-8F7B-EBC01EB86AF2}.Release|Any CPU.ActiveCfg = Release|Any CPU
		{CBF9A4D4-5E31-4457-8F7B-EBC01EB86AF2}.Release|Any CPU.Build.0 = Release|Any CPU
		{CBF9A4D4-5E31-4457-8F7B-EBC01EB86AF2}.Debug|Any CPU.ActiveCfg = Debug|Any CPU
		{CBF9A4D4-5E31-4457-8F7B-EBC01EB86AF2}.Debug|Any CPU.Build.0 = Debug|Any CPU
		{ED61027D-1586-4349-A6F8-17665C786678}.Release|Any CPU.ActiveCfg = Release|Any CPU
		{ED61027D-1586-4349-A6F8-17665C786678}.Release|Any CPU.Build.0 = Release|Any CPU
		{ED61027D-1586-4349-A6F8-17665C786678}.Debug|Any CPU.ActiveCfg = Debug|Any CPU
		{ED61027D-1586-4349-A6F8-17665C786678}.Debug|Any CPU.Build.0 = Debug|Any CPU
		{39363918-BFC7-43BF-8307-F5581225FB41}.Release|Any CPU.ActiveCfg = Release|Any CPU
		{39363918-BFC7-43BF-8307-F5581225FB41}.Release|Any CPU.Build.0 = Release|Any CPU
		{39363918-BFC7-43BF-8307-F5581225FB41}.Debug|Any CPU.ActiveCfg = Debug|Any CPU
		{39363918-BFC7-43BF-8307-F5581225FB41}.Debug|Any CPU.Build.0 = Debug|Any CPU
		{DA87653A-AA46-4E31-AE34-4DD28E228511}.Debug|Any CPU.ActiveCfg = Debug|Any CPU
		{DA87653A-AA46-4E31-AE34-4DD28E228511}.Debug|Any CPU.Build.0 = Debug|Any CPU
		{DA87653A-AA46-4E31-AE34-4DD28E228511}.Release|Any CPU.ActiveCfg = Release|Any CPU
		{DA87653A-AA46-4E31-AE34-4DD28E228511}.Release|Any CPU.Build.0 = Release|Any CPU
		{8BBA34D1-7DAB-4410-8762-09F7CC543D1E}.Debug|Any CPU.ActiveCfg = Debug|Any CPU
		{8BBA34D1-7DAB-4410-8762-09F7CC543D1E}.Debug|Any CPU.Build.0 = Debug|Any CPU
		{8BBA34D1-7DAB-4410-8762-09F7CC543D1E}.Release|Any CPU.ActiveCfg = Release|Any CPU
		{8BBA34D1-7DAB-4410-8762-09F7CC543D1E}.Release|Any CPU.Build.0 = Release|Any CPU
		{00B44305-AB3D-438B-9EB9-8EF1ED2E8394}.Debug|Any CPU.ActiveCfg = Debug|Any CPU
		{00B44305-AB3D-438B-9EB9-8EF1ED2E8394}.Debug|Any CPU.Build.0 = Debug|Any CPU
		{00B44305-AB3D-438B-9EB9-8EF1ED2E8394}.Release|Any CPU.ActiveCfg = Release|Any CPU
		{00B44305-AB3D-438B-9EB9-8EF1ED2E8394}.Release|Any CPU.Build.0 = Release|Any CPU
		{9E2F4FCC-1875-49A6-98F1-1D2DA8460984}.Debug|Any CPU.ActiveCfg = Debug|Any CPU
		{9E2F4FCC-1875-49A6-98F1-1D2DA8460984}.Debug|Any CPU.Build.0 = Debug|Any CPU
		{9E2F4FCC-1875-49A6-98F1-1D2DA8460984}.Release|Any CPU.ActiveCfg = Release|Any CPU
		{9E2F4FCC-1875-49A6-98F1-1D2DA8460984}.Release|Any CPU.Build.0 = Release|Any CPU
		{4E946A7C-5AB3-4AD6-8B80-D27563CF1D6A}.Debug|Any CPU.ActiveCfg = Debug|Any CPU
		{4E946A7C-5AB3-4AD6-8B80-D27563CF1D6A}.Debug|Any CPU.Build.0 = Debug|Any CPU
		{4E946A7C-5AB3-4AD6-8B80-D27563CF1D6A}.Release|Any CPU.ActiveCfg = Release|Any CPU
		{4E946A7C-5AB3-4AD6-8B80-D27563CF1D6A}.Release|Any CPU.Build.0 = Release|Any CPU
		{533453B9-957E-401E-B639-DC81DD0265EC}.Debug|Any CPU.ActiveCfg = Debug|Any CPU
		{533453B9-957E-401E-B639-DC81DD0265EC}.Debug|Any CPU.Build.0 = Debug|Any CPU
		{533453B9-957E-401E-B639-DC81DD0265EC}.Release|Any CPU.ActiveCfg = Release|Any CPU
		{533453B9-957E-401E-B639-DC81DD0265EC}.Release|Any CPU.Build.0 = Release|Any CPU
		{EDAFD1B8-5FC3-4002-B2AD-5B976B809D1C}.Debug|Any CPU.ActiveCfg = Debug|Any CPU
		{EDAFD1B8-5FC3-4002-B2AD-5B976B809D1C}.Debug|Any CPU.Build.0 = Debug|Any CPU
		{EDAFD1B8-5FC3-4002-B2AD-5B976B809D1C}.Release|Any CPU.ActiveCfg = Release|Any CPU
		{EDAFD1B8-5FC3-4002-B2AD-5B976B809D1C}.Release|Any CPU.Build.0 = Release|Any CPU
		{0A00966E-A0B2-4BBA-B0B4-3F24D196C7A3}.Debug|Any CPU.ActiveCfg = Debug|Any CPU
		{0A00966E-A0B2-4BBA-B0B4-3F24D196C7A3}.Debug|Any CPU.Build.0 = Debug|Any CPU
		{0A00966E-A0B2-4BBA-B0B4-3F24D196C7A3}.Release|Any CPU.ActiveCfg = Release|Any CPU
		{0A00966E-A0B2-4BBA-B0B4-3F24D196C7A3}.Release|Any CPU.Build.0 = Release|Any CPU
	EndGlobalSection
EndGlobal
